
Microsoft Visual Studio Solution File, Format Version 12.00
# Visual Studio Version 17
VisualStudioVersion = 17.0.31903.59
MinimumVisualStudioVersion = 10.0.40219.1
Project("{2150E333-8FDC-42A3-9474-1A3956D46DE8}") = "Services", "Services", "{69113386-A08F-4BDB-BB5F-0AE89E68E706}"
EndProject
Project("{2150E333-8FDC-42A3-9474-1A3956D46DE8}") = "Invoce", "Invoce", "{C88984D4-0A6A-4B33-AB9F-5CD381D935AD}"
EndProject
Project("{9A19103F-16F7-4668-BE54-9A1E7A4F7556}") = "Invoce.API", "Services\Invoce\Invoce.API\Invoce.API.csproj", "{EDE6A92F-AC1A-4392-92B3-0DE7BA1A2384}"
EndProject
Project("{9A19103F-16F7-4668-BE54-9A1E7A4F7556}") = "Invoce.Application", "Services\Invoce\Invoce.Application\Invoce.Application.csproj", "{2AAC2435-E97A-4018-A6D4-EA4D8A97B04A}"
EndProject
Project("{9A19103F-16F7-4668-BE54-9A1E7A4F7556}") = "Invoce.Domain", "Services\Invoce\Invoce.Domain\Invoce.Domain.csproj", "{06F87472-C181-43B0-A98F-7A1D4D5CA31B}"
EndProject
Project("{9A19103F-16F7-4668-BE54-9A1E7A4F7556}") = "Invoce.Infrastructure", "Services\Invoce\Invoce.Infrastructure\Invoce.Infrastructure.csproj", "{4ED5A95E-DD45-4F17-95E3-7FD210BD358F}"
EndProject
Project("{2150E333-8FDC-42A3-9474-1A3956D46DE8}") = "Payment", "Payment", "{C46E06CA-5E9A-4545-BA4E-350B9794B16D}"
EndProject
Project("{9A19103F-16F7-4668-BE54-9A1E7A4F7556}") = "Payment.API", "Services\Payment\Payment.API\Payment.API.csproj", "{6EA27621-9EDF-4A2C-8D95-40228D28BC8E}"
EndProject
Project("{9A19103F-16F7-4668-BE54-9A1E7A4F7556}") = "Payment.Application", "Services\Payment\Payment.Application\Payment.Application.csproj", "{90618037-3250-47B5-936E-04FAB187A133}"
EndProject
Project("{9A19103F-16F7-4668-BE54-9A1E7A4F7556}") = "Payment.Domain", "Services\Payment\Payment.Domain\Payment.Domain.csproj", "{3E8CB776-EDFD-4467-B318-48AFC4CF0963}"
EndProject
Project("{9A19103F-16F7-4668-BE54-9A1E7A4F7556}") = "Payment.Infrastructure", "Services\Payment\Payment.Infrastructure\Payment.Infrastructure.csproj", "{78060F04-5AF2-44FB-A83D-CC638B1B06FF}"
EndProject
Project("{2150E333-8FDC-42A3-9474-1A3956D46DE8}") = "Security", "Security", "{924D3894-A250-43DC-9B76-68487D5937D5}"
EndProject
Project("{9A19103F-16F7-4668-BE54-9A1E7A4F7556}") = "Security.API", "Services\Security\Security.API\Security.API.csproj", "{BACF634A-B01B-4F2F-81B4-905321949941}"
EndProject
Project("{9A19103F-16F7-4668-BE54-9A1E7A4F7556}") = "Security.Application", "Services\Security\Security.Application\Security.Application.csproj", "{892D0428-6E98-4E37-89EB-2090341D6062}"
EndProject
Project("{9A19103F-16F7-4668-BE54-9A1E7A4F7556}") = "Security.Domain", "Services\Security\Security.Domain\Security.Domain.csproj", "{1FA4F63F-E2AA-4662-B014-37C55A5196BD}"
EndProject
Project("{9A19103F-16F7-4668-BE54-9A1E7A4F7556}") = "Security.Infrastructure", "Services\Security\Security.Infrastructure\Security.Infrastructure.csproj", "{B1CDB7B5-7CC5-4D34-B8F7-9DD5A0582045}"
EndProject
Project("{2150E333-8FDC-42A3-9474-1A3956D46DE8}") = "Transaction", "Transaction", "{0CCCCC14-D454-40EC-A91C-B67AAA2B3168}"
EndProject
Project("{9A19103F-16F7-4668-BE54-9A1E7A4F7556}") = "Transaction.API", "Services\Transaction\Transaction.API\Transaction.API.csproj", "{249ED390-52E8-45D3-89A3-543732817B5B}"
EndProject
Project("{9A19103F-16F7-4668-BE54-9A1E7A4F7556}") = "Transaction.Application", "Services\Transaction\Transaction.Application\Transaction.Application.csproj", "{89F0BFFF-CC9B-4E9D-8F64-1BA7713E6AC1}"
EndProject
Project("{9A19103F-16F7-4668-BE54-9A1E7A4F7556}") = "Transaction.Domain", "Services\Transaction\Transaction.Domain\Transaction.Domain.csproj", "{398D6515-44FE-43BE-8777-73E6AA26158A}"
EndProject
Project("{9A19103F-16F7-4668-BE54-9A1E7A4F7556}") = "Transaction.Infrastructure", "Services\Transaction\Transaction.Infrastructure\Transaction.Infrastructure.csproj", "{88FAF80C-5AE0-427F-8F8A-8EA5E0ED9FD6}"
EndProject
Global
	GlobalSection(SolutionConfigurationPlatforms) = preSolution
		Debug|Any CPU = Debug|Any CPU
		Release|Any CPU = Release|Any CPU
	EndGlobalSection
	GlobalSection(ProjectConfigurationPlatforms) = postSolution
		{EDE6A92F-AC1A-4392-92B3-0DE7BA1A2384}.Debug|Any CPU.ActiveCfg = Debug|Any CPU
		{EDE6A92F-AC1A-4392-92B3-0DE7BA1A2384}.Debug|Any CPU.Build.0 = Debug|Any CPU
		{EDE6A92F-AC1A-4392-92B3-0DE7BA1A2384}.Release|Any CPU.ActiveCfg = Release|Any CPU
		{EDE6A92F-AC1A-4392-92B3-0DE7BA1A2384}.Release|Any CPU.Build.0 = Release|Any CPU
		{2AAC2435-E97A-4018-A6D4-EA4D8A97B04A}.Debug|Any CPU.ActiveCfg = Debug|Any CPU
		{2AAC2435-E97A-4018-A6D4-EA4D8A97B04A}.Debug|Any CPU.Build.0 = Debug|Any CPU
		{2AAC2435-E97A-4018-A6D4-EA4D8A97B04A}.Release|Any CPU.ActiveCfg = Release|Any CPU
		{2AAC2435-E97A-4018-A6D4-EA4D8A97B04A}.Release|Any CPU.Build.0 = Release|Any CPU
		{06F87472-C181-43B0-A98F-7A1D4D5CA31B}.Debug|Any CPU.ActiveCfg = Debug|Any CPU
		{06F87472-C181-43B0-A98F-7A1D4D5CA31B}.Debug|Any CPU.Build.0 = Debug|Any CPU
		{06F87472-C181-43B0-A98F-7A1D4D5CA31B}.Release|Any CPU.ActiveCfg = Release|Any CPU
		{06F87472-C181-43B0-A98F-7A1D4D5CA31B}.Release|Any CPU.Build.0 = Release|Any CPU
		{4ED5A95E-DD45-4F17-95E3-7FD210BD358F}.Debug|Any CPU.ActiveCfg = Debug|Any CPU
		{4ED5A95E-DD45-4F17-95E3-7FD210BD358F}.Debug|Any CPU.Build.0 = Debug|Any CPU
		{4ED5A95E-DD45-4F17-95E3-7FD210BD358F}.Release|Any CPU.ActiveCfg = Release|Any CPU
		{4ED5A95E-DD45-4F17-95E3-7FD210BD358F}.Release|Any CPU.Build.0 = Release|Any CPU
		{6EA27621-9EDF-4A2C-8D95-40228D28BC8E}.Debug|Any CPU.ActiveCfg = Debug|Any CPU
		{6EA27621-9EDF-4A2C-8D95-40228D28BC8E}.Debug|Any CPU.Build.0 = Debug|Any CPU
		{6EA27621-9EDF-4A2C-8D95-40228D28BC8E}.Release|Any CPU.ActiveCfg = Release|Any CPU
		{6EA27621-9EDF-4A2C-8D95-40228D28BC8E}.Release|Any CPU.Build.0 = Release|Any CPU
		{90618037-3250-47B5-936E-04FAB187A133}.Debug|Any CPU.ActiveCfg = Debug|Any CPU
		{90618037-3250-47B5-936E-04FAB187A133}.Debug|Any CPU.Build.0 = Debug|Any CPU
		{90618037-3250-47B5-936E-04FAB187A133}.Release|Any CPU.ActiveCfg = Release|Any CPU
		{90618037-3250-47B5-936E-04FAB187A133}.Release|Any CPU.Build.0 = Release|Any CPU
		{3E8CB776-EDFD-4467-B318-48AFC4CF0963}.Debug|Any CPU.ActiveCfg = Debug|Any CPU
		{3E8CB776-EDFD-4467-B318-48AFC4CF0963}.Debug|Any CPU.Build.0 = Debug|Any CPU
		{3E8CB776-EDFD-4467-B318-48AFC4CF0963}.Release|Any CPU.ActiveCfg = Release|Any CPU
		{3E8CB776-EDFD-4467-B318-48AFC4CF0963}.Release|Any CPU.Build.0 = Release|Any CPU
		{78060F04-5AF2-44FB-A83D-CC638B1B06FF}.Debug|Any CPU.ActiveCfg = Debug|Any CPU
		{78060F04-5AF2-44FB-A83D-CC638B1B06FF}.Debug|Any CPU.Build.0 = Debug|Any CPU
		{78060F04-5AF2-44FB-A83D-CC638B1B06FF}.Release|Any CPU.ActiveCfg = Release|Any CPU
		{78060F04-5AF2-44FB-A83D-CC638B1B06FF}.Release|Any CPU.Build.0 = Release|Any CPU
		{BACF634A-B01B-4F2F-81B4-905321949941}.Debug|Any CPU.ActiveCfg = Debug|Any CPU
		{BACF634A-B01B-4F2F-81B4-905321949941}.Debug|Any CPU.Build.0 = Debug|Any CPU
		{BACF634A-B01B-4F2F-81B4-905321949941}.Release|Any CPU.ActiveCfg = Release|Any CPU
		{BACF634A-B01B-4F2F-81B4-905321949941}.Release|Any CPU.Build.0 = Release|Any CPU
		{892D0428-6E98-4E37-89EB-2090341D6062}.Debug|Any CPU.ActiveCfg = Debug|Any CPU
		{892D0428-6E98-4E37-89EB-2090341D6062}.Debug|Any CPU.Build.0 = Debug|Any CPU
		{892D0428-6E98-4E37-89EB-2090341D6062}.Release|Any CPU.ActiveCfg = Release|Any CPU
		{892D0428-6E98-4E37-89EB-2090341D6062}.Release|Any CPU.Build.0 = Release|Any CPU
		{1FA4F63F-E2AA-4662-B014-37C55A5196BD}.Debug|Any CPU.ActiveCfg = Debug|Any CPU
		{1FA4F63F-E2AA-4662-B014-37C55A5196BD}.Debug|Any CPU.Build.0 = Debug|Any CPU
		{1FA4F63F-E2AA-4662-B014-37C55A5196BD}.Release|Any CPU.ActiveCfg = Release|Any CPU
		{1FA4F63F-E2AA-4662-B014-37C55A5196BD}.Release|Any CPU.Build.0 = Release|Any CPU
		{B1CDB7B5-7CC5-4D34-B8F7-9DD5A0582045}.Debug|Any CPU.ActiveCfg = Debug|Any CPU
		{B1CDB7B5-7CC5-4D34-B8F7-9DD5A0582045}.Debug|Any CPU.Build.0 = Debug|Any CPU
		{B1CDB7B5-7CC5-4D34-B8F7-9DD5A0582045}.Release|Any CPU.ActiveCfg = Release|Any CPU
		{B1CDB7B5-7CC5-4D34-B8F7-9DD5A0582045}.Release|Any CPU.Build.0 = Release|Any CPU
		{249ED390-52E8-45D3-89A3-543732817B5B}.Debug|Any CPU.ActiveCfg = Debug|Any CPU
		{249ED390-52E8-45D3-89A3-543732817B5B}.Debug|Any CPU.Build.0 = Debug|Any CPU
		{249ED390-52E8-45D3-89A3-543732817B5B}.Release|Any CPU.ActiveCfg = Release|Any CPU
		{249ED390-52E8-45D3-89A3-543732817B5B}.Release|Any CPU.Build.0 = Release|Any CPU
		{89F0BFFF-CC9B-4E9D-8F64-1BA7713E6AC1}.Debug|Any CPU.ActiveCfg = Debug|Any CPU
		{89F0BFFF-CC9B-4E9D-8F64-1BA7713E6AC1}.Debug|Any CPU.Build.0 = Debug|Any CPU
		{89F0BFFF-CC9B-4E9D-8F64-1BA7713E6AC1}.Release|Any CPU.ActiveCfg = Release|Any CPU
		{89F0BFFF-CC9B-4E9D-8F64-1BA7713E6AC1}.Release|Any CPU.Build.0 = Release|Any CPU
		{398D6515-44FE-43BE-8777-73E6AA26158A}.Debug|Any CPU.ActiveCfg = Debug|Any CPU
		{398D6515-44FE-43BE-8777-73E6AA26158A}.Debug|Any CPU.Build.0 = Debug|Any CPU
		{398D6515-44FE-43BE-8777-73E6AA26158A}.Release|Any CPU.ActiveCfg = Release|Any CPU
		{398D6515-44FE-43BE-8777-73E6AA26158A}.Release|Any CPU.Build.0 = Release|Any CPU
		{88FAF80C-5AE0-427F-8F8A-8EA5E0ED9FD6}.Debug|Any CPU.ActiveCfg = Debug|Any CPU
		{88FAF80C-5AE0-427F-8F8A-8EA5E0ED9FD6}.Debug|Any CPU.Build.0 = Debug|Any CPU
		{88FAF80C-5AE0-427F-8F8A-8EA5E0ED9FD6}.Release|Any CPU.ActiveCfg = Release|Any CPU
		{88FAF80C-5AE0-427F-8F8A-8EA5E0ED9FD6}.Release|Any CPU.Build.0 = Release|Any CPU
	EndGlobalSection
	GlobalSection(SolutionProperties) = preSolution
		HideSolutionNode = FALSE
	EndGlobalSection
	GlobalSection(NestedProjects) = preSolution
		{C88984D4-0A6A-4B33-AB9F-5CD381D935AD} = {69113386-A08F-4BDB-BB5F-0AE89E68E706}
		{EDE6A92F-AC1A-4392-92B3-0DE7BA1A2384} = {C88984D4-0A6A-4B33-AB9F-5CD381D935AD}
		{2AAC2435-E97A-4018-A6D4-EA4D8A97B04A} = {C88984D4-0A6A-4B33-AB9F-5CD381D935AD}
		{06F87472-C181-43B0-A98F-7A1D4D5CA31B} = {C88984D4-0A6A-4B33-AB9F-5CD381D935AD}
		{4ED5A95E-DD45-4F17-95E3-7FD210BD358F} = {C88984D4-0A6A-4B33-AB9F-5CD381D935AD}
		{C46E06CA-5E9A-4545-BA4E-350B9794B16D} = {69113386-A08F-4BDB-BB5F-0AE89E68E706}
		{6EA27621-9EDF-4A2C-8D95-40228D28BC8E} = {C46E06CA-5E9A-4545-BA4E-350B9794B16D}
		{90618037-3250-47B5-936E-04FAB187A133} = {C46E06CA-5E9A-4545-BA4E-350B9794B16D}
		{3E8CB776-EDFD-4467-B318-48AFC4CF0963} = {C46E06CA-5E9A-4545-BA4E-350B9794B16D}
		{78060F04-5AF2-44FB-A83D-CC638B1B06FF} = {C46E06CA-5E9A-4545-BA4E-350B9794B16D}
		{924D3894-A250-43DC-9B76-68487D5937D5} = {69113386-A08F-4BDB-BB5F-0AE89E68E706}
		{BACF634A-B01B-4F2F-81B4-905321949941} = {924D3894-A250-43DC-9B76-68487D5937D5}
		{892D0428-6E98-4E37-89EB-2090341D6062} = {924D3894-A250-43DC-9B76-68487D5937D5}
		{1FA4F63F-E2AA-4662-B014-37C55A5196BD} = {924D3894-A250-43DC-9B76-68487D5937D5}
		{B1CDB7B5-7CC5-4D34-B8F7-9DD5A0582045} = {924D3894-A250-43DC-9B76-68487D5937D5}
		{0CCCCC14-D454-40EC-A91C-B67AAA2B3168} = {69113386-A08F-4BDB-BB5F-0AE89E68E706}
		{249ED390-52E8-45D3-89A3-543732817B5B} = {0CCCCC14-D454-40EC-A91C-B67AAA2B3168}
		{89F0BFFF-CC9B-4E9D-8F64-1BA7713E6AC1} = {0CCCCC14-D454-40EC-A91C-B67AAA2B3168}
		{398D6515-44FE-43BE-8777-73E6AA26158A} = {0CCCCC14-D454-40EC-A91C-B67AAA2B3168}
		{88FAF80C-5AE0-427F-8F8A-8EA5E0ED9FD6} = {0CCCCC14-D454-40EC-A91C-B67AAA2B3168}
	EndGlobalSection
	GlobalSection(ExtensibilityGlobals) = postSolution
		SolutionGuid = {00B87518-52C4-444E-A1B5-CB751800D00C}
	EndGlobalSection
EndGlobal
